
Microsoft Visual Studio Solution File, Format Version 12.00
# Visual Studio Version 17
VisualStudioVersion = 17.9.34902.65
MinimumVisualStudioVersion = 10.0.40219.1
Project("{9A19103F-16F7-4668-BE54-9A1E7A4F7556}") = "FourLayers", "FourLayers\FourLayers.csproj", "{6C099966-CD45-457D-8550-39FD15B41FE5}"
EndProject
Project("{FAE04EC0-301F-11D3-BF4B-00C04F79EFBC}") = "Test", "Test\Test.csproj", "{29357ECE-09A5-4477-B785-4EB2ED4ABF56}"
EndProject
Global
	GlobalSection(SolutionConfigurationPlatforms) = preSolution
		Debug|Any CPU = Debug|Any CPU
		Release|Any CPU = Release|Any CPU
	EndGlobalSection
	GlobalSection(ProjectConfigurationPlatforms) = postSolution
		{6C099966-CD45-457D-8550-39FD15B41FE5}.Debug|Any CPU.ActiveCfg = Debug|Any CPU
		{6C099966-CD45-457D-8550-39FD15B41FE5}.Debug|Any CPU.Build.0 = Debug|Any CPU
		{6C099966-CD45-457D-8550-39FD15B41FE5}.Release|Any CPU.ActiveCfg = Release|Any CPU
		{6C099966-CD45-457D-8550-39FD15B41FE5}.Release|Any CPU.Build.0 = Release|Any CPU
		{29357ECE-09A5-4477-B785-4EB2ED4ABF56}.Debug|Any CPU.ActiveCfg = Debug|Any CPU
		{29357ECE-09A5-4477-B785-4EB2ED4ABF56}.Debug|Any CPU.Build.0 = Debug|Any CPU
		{29357ECE-09A5-4477-B785-4EB2ED4ABF56}.Release|Any CPU.ActiveCfg = Release|Any CPU
		{29357ECE-09A5-4477-B785-4EB2ED4ABF56}.Release|Any CPU.Build.0 = Release|Any CPU
	EndGlobalSection
	GlobalSection(SolutionProperties) = preSolution
		HideSolutionNode = FALSE
	EndGlobalSection
	GlobalSection(ExtensibilityGlobals) = postSolution
		SolutionGuid = {32BEEA76-5C37-4337-83A1-151434C21D00}
	EndGlobalSection
EndGlobal
